
Microsoft Visual Studio Solution File, Format Version 12.00
# Visual Studio Version 17
VisualStudioVersion = 17.9.34622.214
MinimumVisualStudioVersion = 10.0.40219.1
Project("{FAE04EC0-301F-11D3-BF4B-00C04F79EFBC}") = "Projekt_atrakcje", "Projekt_atrakcje.csproj", "{E2CD4CCB-071A-4C22-81C4-1C596BC51712}"
EndProject
Global
	GlobalSection(SolutionConfigurationPlatforms) = preSolution
		Debug|Any CPU = Debug|Any CPU
		Release|Any CPU = Release|Any CPU
	EndGlobalSection
	GlobalSection(ProjectConfigurationPlatforms) = postSolution
		{E2CD4CCB-071A-4C22-81C4-1C596BC51712}.Debug|Any CPU.ActiveCfg = Debug|Any CPU
		{E2CD4CCB-071A-4C22-81C4-1C596BC51712}.Debug|Any CPU.Build.0 = Debug|Any CPU
		{E2CD4CCB-071A-4C22-81C4-1C596BC51712}.Release|Any CPU.ActiveCfg = Release|Any CPU
		{E2CD4CCB-071A-4C22-81C4-1C596BC51712}.Release|Any CPU.Build.0 = Release|Any CPU
	EndGlobalSection
	GlobalSection(SolutionProperties) = preSolution
		HideSolutionNode = FALSE
	EndGlobalSection
	GlobalSection(ExtensibilityGlobals) = postSolution
		SolutionGuid = {FB46A59A-780F-4BDB-8F5F-99D15EBE0BFA}
	EndGlobalSection
EndGlobal
